
Microsoft Visual Studio Solution File, Format Version 12.00
# Visual Studio Version 17
VisualStudioVersion = 17.5.002.0
MinimumVisualStudioVersion = 10.0.40219.1
Project("{9A19103F-16F7-4668-BE54-9A1E7A4F7556}") = "Ambientacao", "Ambientacao.csproj", "{FEBB0382-13D8-4738-8415-050A6AE87B94}"
EndProject
Global
	GlobalSection(SolutionConfigurationPlatforms) = preSolution
		Debug|Any CPU = Debug|Any CPU
		Release|Any CPU = Release|Any CPU
	EndGlobalSection
	GlobalSection(ProjectConfigurationPlatforms) = postSolution
		{FEBB0382-13D8-4738-8415-050A6AE87B94}.Debug|Any CPU.ActiveCfg = Debug|Any CPU
		{FEBB0382-13D8-4738-8415-050A6AE87B94}.Debug|Any CPU.Build.0 = Debug|Any CPU
		{FEBB0382-13D8-4738-8415-050A6AE87B94}.Release|Any CPU.ActiveCfg = Release|Any CPU
		{FEBB0382-13D8-4738-8415-050A6AE87B94}.Release|Any CPU.Build.0 = Release|Any CPU
	EndGlobalSection
	GlobalSection(SolutionProperties) = preSolution
		HideSolutionNode = FALSE
	EndGlobalSection
	GlobalSection(ExtensibilityGlobals) = postSolution
		SolutionGuid = {83753E0B-4EDC-47E9-9580-3489017351C7}
	EndGlobalSection
EndGlobal
